
Microsoft Visual Studio Solution File, Format Version 12.00
# Visual Studio Version 17
VisualStudioVersion = 17.0.32126.317
MinimumVisualStudioVersion = 10.0.40219.1
Project("{FAE04EC0-301F-11D3-BF4B-00C04F79EFBC}") = "quanLyLaoDong", "quanLyLaoDong\quanLyLaoDong.csproj", "{2884AC8A-A667-44FF-B8DE-B4CAEEDE7769}"
EndProject
Global
	GlobalSection(SolutionConfigurationPlatforms) = preSolution
		Debug|Any CPU = Debug|Any CPU
		Release|Any CPU = Release|Any CPU
	EndGlobalSection
	GlobalSection(ProjectConfigurationPlatforms) = postSolution
		{2884AC8A-A667-44FF-B8DE-B4CAEEDE7769}.Debug|Any CPU.ActiveCfg = Debug|Any CPU
		{2884AC8A-A667-44FF-B8DE-B4CAEEDE7769}.Debug|Any CPU.Build.0 = Debug|Any CPU
		{2884AC8A-A667-44FF-B8DE-B4CAEEDE7769}.Release|Any CPU.ActiveCfg = Release|Any CPU
		{2884AC8A-A667-44FF-B8DE-B4CAEEDE7769}.Release|Any CPU.Build.0 = Release|Any CPU
	EndGlobalSection
	GlobalSection(SolutionProperties) = preSolution
		HideSolutionNode = FALSE
	EndGlobalSection
	GlobalSection(ExtensibilityGlobals) = postSolution
		SolutionGuid = {CDB591F0-AB09-4118-A193-A5EC9D41CBFD}
	EndGlobalSection
EndGlobal
